
Microsoft Visual Studio Solution File, Format Version 12.00
# Visual Studio 15
VisualStudioVersion = 15.0.26730.16
MinimumVisualStudioVersion = 10.0.40219.1
Project("{2150E333-8FDC-42A3-9474-1A3956D46DE8}") = "HomeTask_1", "HomeTask_1", "{BF4376CB-B69C-4458-A997-844E7207E99D}"
EndProject
Project("{2150E333-8FDC-42A3-9474-1A3956D46DE8}") = "HomeTask_2", "HomeTask_2", "{3CFACA32-88E8-468F-9977-F0F8A658037B}"
EndProject
Project("{FAE04EC0-301F-11D3-BF4B-00C04F79EFBC}") = "Task_1", "HomeTask_2\Task_1\Task_1.csproj", "{CF0E66E3-2545-4024-8B4A-5AD96BD0371C}"
EndProject
Project("{FAE04EC0-301F-11D3-BF4B-00C04F79EFBC}") = "Task_2", "HomeTask_2\Task_2\Task_2.csproj", "{5E659728-02F3-4EEB-8739-654358202519}"
EndProject
Project("{FAE04EC0-301F-11D3-BF4B-00C04F79EFBC}") = "Task_2_5", "HomeTask_1\Task_2_5\Task_2_5.csproj", "{16E7E4AF-CA3C-41F5-B427-8D3CF4449CB0}"
EndProject
Project("{FAE04EC0-301F-11D3-BF4B-00C04F79EFBC}") = "Task_2_9", "HomeTask_1\Task_2_9\Task_2_9.csproj", "{7534D77F-2CF3-4E53-B9D8-6DE6C37362E5}"
EndProject
Project("{FAE04EC0-301F-11D3-BF4B-00C04F79EFBC}") = "Task_3_4", "HomeTask_1\Task_3_4\Task_3_4.csproj", "{71B2B81A-C047-4AB2-8C87-1291C2187082}"
EndProject
Project("{FAE04EC0-301F-11D3-BF4B-00C04F79EFBC}") = "Task_3_8", "HomeTask_1\Task_3_8\Task_3_8.csproj", "{90A4AE37-63C3-4AEF-B103-04036CE83D81}"
EndProject
Project("{FAE04EC0-301F-11D3-BF4B-00C04F79EFBC}") = "Task_1_1", "HomeTask_1\Task_1_1\Task_1_1.csproj", "{1F80CBED-9FB9-442A-94FE-5269A6EE4CB2}"
EndProject
Project("{FAE04EC0-301F-11D3-BF4B-00C04F79EFBC}") = "Task_2_1", "HomeTask_1\Task_2_1\Task_2_1.csproj", "{3C33707C-FFF9-40F7-99E7-F4D20F8A7383}"
EndProject
Project("{FAE04EC0-301F-11D3-BF4B-00C04F79EFBC}") = "Task_2_4", "HomeTask_1\Task_2_4\Task_2_4.csproj", "{BC81E6F3-B58D-47B7-B7C1-34BBA2518AC3}"
EndProject
Project("{FAE04EC0-301F-11D3-BF4B-00C04F79EFBC}") = "Task_2_8", "HomeTask_1\Task_2_8\Task_2_8.csproj", "{6AC25594-210A-4645-87E4-404AD6796D5C}"
EndProject
Project("{FAE04EC0-301F-11D3-BF4B-00C04F79EFBC}") = "Task_3_3", "HomeTask_1\Task_3_3\Task_3_3.csproj", "{BFEF3E97-AE51-481D-A32E-1B5C7EACE01C}"
EndProject
Project("{FAE04EC0-301F-11D3-BF4B-00C04F79EFBC}") = "Task_2_3", "HomeTask_1\Task_2_3\Task_2_3.csproj", "{2B1A84BA-94F6-45E9-BB8C-C87D88F84013}"
EndProject
Project("{FAE04EC0-301F-11D3-BF4B-00C04F79EFBC}") = "Task_2_7", "HomeTask_1\Task_2_7\Task_2_7.csproj", "{F39F9E6F-AB2C-4BD8-8855-01E5F1EBD908}"
EndProject
Project("{FAE04EC0-301F-11D3-BF4B-00C04F79EFBC}") = "Task_3_2", "HomeTask_1\Task_3_2\Task_3_2.csproj", "{6BFF916B-2A49-424F-8D4D-10D1467EDDBA}"
EndProject
Project("{FAE04EC0-301F-11D3-BF4B-00C04F79EFBC}") = "Task_3_6", "HomeTask_1\Task_3_6\Task_3_6.csproj", "{3EF0FC58-7687-4EE6-BBE0-46FD6F34CC03}"
EndProject
Project("{FAE04EC0-301F-11D3-BF4B-00C04F79EFBC}") = "Task_3_7", "HomeTask_1\Task_3_7\Task_3_7.csproj", "{9803A21F-9E4A-4664-B0C3-8DB1B3189BF6}"
EndProject
<<<<<<< HEAD
Project("{FAE04EC0-301F-11D3-BF4B-00C04F79EFBC}") = "Task_6", "HomeTask_2\Task_6\Task_6.csproj", "{A655DCC0-75DE-4A03-8692-18086772EACE}"
=======
Project("{FAE04EC0-301F-11D3-BF4B-00C04F79EFBC}") = "Task_4", "HomeTask_2\Task_4\Task_4.csproj", "{34BEEB7D-8500-40E9-9E14-6C7C2E779061}"
EndProject
Project("{FAE04EC0-301F-11D3-BF4B-00C04F79EFBC}") = "Task_8", "HomeTask_2\Task_8\Task_8.csproj", "{B5758F83-3340-4038-84C0-E1FF5C1D0E62}"
EndProject
Project("{2150E333-8FDC-42A3-9474-1A3956D46DE8}") = "HomeTask_3", "HomeTask_3", "{FC3B0D07-7A3E-401D-BE57-1C61FE5EA59C}"
EndProject
Project("{FAE04EC0-301F-11D3-BF4B-00C04F79EFBC}") = "Task_4", "HomeTask_3\Task_4\Task_4.csproj", "{BEB0BFF4-CCB6-403F-896D-AD19F48CC955}"
>>>>>>> master
EndProject
Global
	GlobalSection(SolutionConfigurationPlatforms) = preSolution
		Debug|Any CPU = Debug|Any CPU
		Release|Any CPU = Release|Any CPU
	EndGlobalSection
	GlobalSection(ProjectConfigurationPlatforms) = postSolution
		{CF0E66E3-2545-4024-8B4A-5AD96BD0371C}.Debug|Any CPU.ActiveCfg = Debug|Any CPU
		{CF0E66E3-2545-4024-8B4A-5AD96BD0371C}.Debug|Any CPU.Build.0 = Debug|Any CPU
		{CF0E66E3-2545-4024-8B4A-5AD96BD0371C}.Release|Any CPU.ActiveCfg = Release|Any CPU
		{CF0E66E3-2545-4024-8B4A-5AD96BD0371C}.Release|Any CPU.Build.0 = Release|Any CPU
		{5E659728-02F3-4EEB-8739-654358202519}.Debug|Any CPU.ActiveCfg = Debug|Any CPU
		{5E659728-02F3-4EEB-8739-654358202519}.Debug|Any CPU.Build.0 = Debug|Any CPU
		{5E659728-02F3-4EEB-8739-654358202519}.Release|Any CPU.ActiveCfg = Release|Any CPU
		{5E659728-02F3-4EEB-8739-654358202519}.Release|Any CPU.Build.0 = Release|Any CPU
		{16E7E4AF-CA3C-41F5-B427-8D3CF4449CB0}.Debug|Any CPU.ActiveCfg = Debug|Any CPU
		{16E7E4AF-CA3C-41F5-B427-8D3CF4449CB0}.Debug|Any CPU.Build.0 = Debug|Any CPU
		{16E7E4AF-CA3C-41F5-B427-8D3CF4449CB0}.Release|Any CPU.ActiveCfg = Release|Any CPU
		{16E7E4AF-CA3C-41F5-B427-8D3CF4449CB0}.Release|Any CPU.Build.0 = Release|Any CPU
		{7534D77F-2CF3-4E53-B9D8-6DE6C37362E5}.Debug|Any CPU.ActiveCfg = Debug|Any CPU
		{7534D77F-2CF3-4E53-B9D8-6DE6C37362E5}.Debug|Any CPU.Build.0 = Debug|Any CPU
		{7534D77F-2CF3-4E53-B9D8-6DE6C37362E5}.Release|Any CPU.ActiveCfg = Release|Any CPU
		{7534D77F-2CF3-4E53-B9D8-6DE6C37362E5}.Release|Any CPU.Build.0 = Release|Any CPU
		{71B2B81A-C047-4AB2-8C87-1291C2187082}.Debug|Any CPU.ActiveCfg = Debug|Any CPU
		{71B2B81A-C047-4AB2-8C87-1291C2187082}.Debug|Any CPU.Build.0 = Debug|Any CPU
		{71B2B81A-C047-4AB2-8C87-1291C2187082}.Release|Any CPU.ActiveCfg = Release|Any CPU
		{71B2B81A-C047-4AB2-8C87-1291C2187082}.Release|Any CPU.Build.0 = Release|Any CPU
		{90A4AE37-63C3-4AEF-B103-04036CE83D81}.Debug|Any CPU.ActiveCfg = Debug|Any CPU
		{90A4AE37-63C3-4AEF-B103-04036CE83D81}.Debug|Any CPU.Build.0 = Debug|Any CPU
		{90A4AE37-63C3-4AEF-B103-04036CE83D81}.Release|Any CPU.ActiveCfg = Release|Any CPU
		{90A4AE37-63C3-4AEF-B103-04036CE83D81}.Release|Any CPU.Build.0 = Release|Any CPU
		{1F80CBED-9FB9-442A-94FE-5269A6EE4CB2}.Debug|Any CPU.ActiveCfg = Debug|Any CPU
		{1F80CBED-9FB9-442A-94FE-5269A6EE4CB2}.Debug|Any CPU.Build.0 = Debug|Any CPU
		{1F80CBED-9FB9-442A-94FE-5269A6EE4CB2}.Release|Any CPU.ActiveCfg = Release|Any CPU
		{1F80CBED-9FB9-442A-94FE-5269A6EE4CB2}.Release|Any CPU.Build.0 = Release|Any CPU
		{3C33707C-FFF9-40F7-99E7-F4D20F8A7383}.Debug|Any CPU.ActiveCfg = Debug|Any CPU
		{3C33707C-FFF9-40F7-99E7-F4D20F8A7383}.Debug|Any CPU.Build.0 = Debug|Any CPU
		{3C33707C-FFF9-40F7-99E7-F4D20F8A7383}.Release|Any CPU.ActiveCfg = Release|Any CPU
		{3C33707C-FFF9-40F7-99E7-F4D20F8A7383}.Release|Any CPU.Build.0 = Release|Any CPU
		{BC81E6F3-B58D-47B7-B7C1-34BBA2518AC3}.Debug|Any CPU.ActiveCfg = Debug|Any CPU
		{BC81E6F3-B58D-47B7-B7C1-34BBA2518AC3}.Debug|Any CPU.Build.0 = Debug|Any CPU
		{BC81E6F3-B58D-47B7-B7C1-34BBA2518AC3}.Release|Any CPU.ActiveCfg = Release|Any CPU
		{BC81E6F3-B58D-47B7-B7C1-34BBA2518AC3}.Release|Any CPU.Build.0 = Release|Any CPU
		{6AC25594-210A-4645-87E4-404AD6796D5C}.Debug|Any CPU.ActiveCfg = Debug|Any CPU
		{6AC25594-210A-4645-87E4-404AD6796D5C}.Debug|Any CPU.Build.0 = Debug|Any CPU
		{6AC25594-210A-4645-87E4-404AD6796D5C}.Release|Any CPU.ActiveCfg = Release|Any CPU
		{6AC25594-210A-4645-87E4-404AD6796D5C}.Release|Any CPU.Build.0 = Release|Any CPU
		{BFEF3E97-AE51-481D-A32E-1B5C7EACE01C}.Debug|Any CPU.ActiveCfg = Debug|Any CPU
		{BFEF3E97-AE51-481D-A32E-1B5C7EACE01C}.Debug|Any CPU.Build.0 = Debug|Any CPU
		{BFEF3E97-AE51-481D-A32E-1B5C7EACE01C}.Release|Any CPU.ActiveCfg = Release|Any CPU
		{BFEF3E97-AE51-481D-A32E-1B5C7EACE01C}.Release|Any CPU.Build.0 = Release|Any CPU
		{2B1A84BA-94F6-45E9-BB8C-C87D88F84013}.Debug|Any CPU.ActiveCfg = Debug|Any CPU
		{2B1A84BA-94F6-45E9-BB8C-C87D88F84013}.Debug|Any CPU.Build.0 = Debug|Any CPU
		{2B1A84BA-94F6-45E9-BB8C-C87D88F84013}.Release|Any CPU.ActiveCfg = Release|Any CPU
		{2B1A84BA-94F6-45E9-BB8C-C87D88F84013}.Release|Any CPU.Build.0 = Release|Any CPU
		{F39F9E6F-AB2C-4BD8-8855-01E5F1EBD908}.Debug|Any CPU.ActiveCfg = Debug|Any CPU
		{F39F9E6F-AB2C-4BD8-8855-01E5F1EBD908}.Debug|Any CPU.Build.0 = Debug|Any CPU
		{F39F9E6F-AB2C-4BD8-8855-01E5F1EBD908}.Release|Any CPU.ActiveCfg = Release|Any CPU
		{F39F9E6F-AB2C-4BD8-8855-01E5F1EBD908}.Release|Any CPU.Build.0 = Release|Any CPU
		{6BFF916B-2A49-424F-8D4D-10D1467EDDBA}.Debug|Any CPU.ActiveCfg = Debug|Any CPU
		{6BFF916B-2A49-424F-8D4D-10D1467EDDBA}.Debug|Any CPU.Build.0 = Debug|Any CPU
		{6BFF916B-2A49-424F-8D4D-10D1467EDDBA}.Release|Any CPU.ActiveCfg = Release|Any CPU
		{6BFF916B-2A49-424F-8D4D-10D1467EDDBA}.Release|Any CPU.Build.0 = Release|Any CPU
		{3EF0FC58-7687-4EE6-BBE0-46FD6F34CC03}.Debug|Any CPU.ActiveCfg = Debug|Any CPU
		{3EF0FC58-7687-4EE6-BBE0-46FD6F34CC03}.Debug|Any CPU.Build.0 = Debug|Any CPU
		{3EF0FC58-7687-4EE6-BBE0-46FD6F34CC03}.Release|Any CPU.ActiveCfg = Release|Any CPU
		{3EF0FC58-7687-4EE6-BBE0-46FD6F34CC03}.Release|Any CPU.Build.0 = Release|Any CPU
		{9803A21F-9E4A-4664-B0C3-8DB1B3189BF6}.Debug|Any CPU.ActiveCfg = Debug|Any CPU
		{9803A21F-9E4A-4664-B0C3-8DB1B3189BF6}.Debug|Any CPU.Build.0 = Debug|Any CPU
		{9803A21F-9E4A-4664-B0C3-8DB1B3189BF6}.Release|Any CPU.ActiveCfg = Release|Any CPU
		{9803A21F-9E4A-4664-B0C3-8DB1B3189BF6}.Release|Any CPU.Build.0 = Release|Any CPU
<<<<<<< HEAD
		{A655DCC0-75DE-4A03-8692-18086772EACE}.Debug|Any CPU.ActiveCfg = Debug|Any CPU
		{A655DCC0-75DE-4A03-8692-18086772EACE}.Debug|Any CPU.Build.0 = Debug|Any CPU
		{A655DCC0-75DE-4A03-8692-18086772EACE}.Release|Any CPU.ActiveCfg = Release|Any CPU
		{A655DCC0-75DE-4A03-8692-18086772EACE}.Release|Any CPU.Build.0 = Release|Any CPU
=======
		{34BEEB7D-8500-40E9-9E14-6C7C2E779061}.Debug|Any CPU.ActiveCfg = Debug|Any CPU
		{34BEEB7D-8500-40E9-9E14-6C7C2E779061}.Debug|Any CPU.Build.0 = Debug|Any CPU
		{34BEEB7D-8500-40E9-9E14-6C7C2E779061}.Release|Any CPU.ActiveCfg = Release|Any CPU
		{34BEEB7D-8500-40E9-9E14-6C7C2E779061}.Release|Any CPU.Build.0 = Release|Any CPU
		{B5758F83-3340-4038-84C0-E1FF5C1D0E62}.Debug|Any CPU.ActiveCfg = Debug|Any CPU
		{B5758F83-3340-4038-84C0-E1FF5C1D0E62}.Debug|Any CPU.Build.0 = Debug|Any CPU
		{B5758F83-3340-4038-84C0-E1FF5C1D0E62}.Release|Any CPU.ActiveCfg = Release|Any CPU
		{B5758F83-3340-4038-84C0-E1FF5C1D0E62}.Release|Any CPU.Build.0 = Release|Any CPU
		{BEB0BFF4-CCB6-403F-896D-AD19F48CC955}.Debug|Any CPU.ActiveCfg = Debug|Any CPU
		{BEB0BFF4-CCB6-403F-896D-AD19F48CC955}.Debug|Any CPU.Build.0 = Debug|Any CPU
		{BEB0BFF4-CCB6-403F-896D-AD19F48CC955}.Release|Any CPU.ActiveCfg = Release|Any CPU
		{BEB0BFF4-CCB6-403F-896D-AD19F48CC955}.Release|Any CPU.Build.0 = Release|Any CPU
>>>>>>> master
	EndGlobalSection
	GlobalSection(SolutionProperties) = preSolution
		HideSolutionNode = FALSE
	EndGlobalSection
	GlobalSection(NestedProjects) = preSolution
		{CF0E66E3-2545-4024-8B4A-5AD96BD0371C} = {3CFACA32-88E8-468F-9977-F0F8A658037B}
		{5E659728-02F3-4EEB-8739-654358202519} = {3CFACA32-88E8-468F-9977-F0F8A658037B}
		{16E7E4AF-CA3C-41F5-B427-8D3CF4449CB0} = {BF4376CB-B69C-4458-A997-844E7207E99D}
		{7534D77F-2CF3-4E53-B9D8-6DE6C37362E5} = {BF4376CB-B69C-4458-A997-844E7207E99D}
		{71B2B81A-C047-4AB2-8C87-1291C2187082} = {BF4376CB-B69C-4458-A997-844E7207E99D}
		{90A4AE37-63C3-4AEF-B103-04036CE83D81} = {BF4376CB-B69C-4458-A997-844E7207E99D}
		{1F80CBED-9FB9-442A-94FE-5269A6EE4CB2} = {BF4376CB-B69C-4458-A997-844E7207E99D}
		{3C33707C-FFF9-40F7-99E7-F4D20F8A7383} = {BF4376CB-B69C-4458-A997-844E7207E99D}
		{BC81E6F3-B58D-47B7-B7C1-34BBA2518AC3} = {BF4376CB-B69C-4458-A997-844E7207E99D}
		{6AC25594-210A-4645-87E4-404AD6796D5C} = {BF4376CB-B69C-4458-A997-844E7207E99D}
		{BFEF3E97-AE51-481D-A32E-1B5C7EACE01C} = {BF4376CB-B69C-4458-A997-844E7207E99D}
		{2B1A84BA-94F6-45E9-BB8C-C87D88F84013} = {BF4376CB-B69C-4458-A997-844E7207E99D}
		{F39F9E6F-AB2C-4BD8-8855-01E5F1EBD908} = {BF4376CB-B69C-4458-A997-844E7207E99D}
		{6BFF916B-2A49-424F-8D4D-10D1467EDDBA} = {BF4376CB-B69C-4458-A997-844E7207E99D}
		{3EF0FC58-7687-4EE6-BBE0-46FD6F34CC03} = {BF4376CB-B69C-4458-A997-844E7207E99D}
		{9803A21F-9E4A-4664-B0C3-8DB1B3189BF6} = {BF4376CB-B69C-4458-A997-844E7207E99D}
<<<<<<< HEAD
		{A655DCC0-75DE-4A03-8692-18086772EACE} = {3CFACA32-88E8-468F-9977-F0F8A658037B}
=======
		{34BEEB7D-8500-40E9-9E14-6C7C2E779061} = {3CFACA32-88E8-468F-9977-F0F8A658037B}
		{B5758F83-3340-4038-84C0-E1FF5C1D0E62} = {3CFACA32-88E8-468F-9977-F0F8A658037B}
		{BEB0BFF4-CCB6-403F-896D-AD19F48CC955} = {FC3B0D07-7A3E-401D-BE57-1C61FE5EA59C}
>>>>>>> master
	EndGlobalSection
	GlobalSection(ExtensibilityGlobals) = postSolution
		SolutionGuid = {51B65EDD-33AB-4438-84BE-A502923E5BF9}
	EndGlobalSection
EndGlobal
