
Microsoft Visual Studio Solution File, Format Version 12.00
# Visual Studio 15
VisualStudioVersion = 15.0.27130.2020
MinimumVisualStudioVersion = 10.0.40219.1
Project("{2150E333-8FDC-42A3-9474-1A3956D46DE8}") = "HomeTask_1", "HomeTask_1", "{BF4376CB-B69C-4458-A997-844E7207E99D}"
EndProject
Project("{2150E333-8FDC-42A3-9474-1A3956D46DE8}") = "HomeTask_2", "HomeTask_2", "{3CFACA32-88E8-468F-9977-F0F8A658037B}"
EndProject
Project("{FAE04EC0-301F-11D3-BF4B-00C04F79EFBC}") = "Task_2", "HomeTask_2\Task_2\Task_2.csproj", "{5E659728-02F3-4EEB-8739-654358202519}"
EndProject
Project("{FAE04EC0-301F-11D3-BF4B-00C04F79EFBC}") = "Task_2_5", "HomeTask_1\Task_2_5\Task_2_5.csproj", "{16E7E4AF-CA3C-41F5-B427-8D3CF4449CB0}"
EndProject
Project("{FAE04EC0-301F-11D3-BF4B-00C04F79EFBC}") = "Task_2_9", "HomeTask_1\Task_2_9\Task_2_9.csproj", "{7534D77F-2CF3-4E53-B9D8-6DE6C37362E5}"
EndProject
Project("{FAE04EC0-301F-11D3-BF4B-00C04F79EFBC}") = "Task_3_4", "HomeTask_1\Task_3_4\Task_3_4.csproj", "{71B2B81A-C047-4AB2-8C87-1291C2187082}"
EndProject
Project("{FAE04EC0-301F-11D3-BF4B-00C04F79EFBC}") = "Task_3_8", "HomeTask_1\Task_3_8\Task_3_8.csproj", "{90A4AE37-63C3-4AEF-B103-04036CE83D81}"
EndProject
Project("{FAE04EC0-301F-11D3-BF4B-00C04F79EFBC}") = "Task_1_1", "HomeTask_1\Task_1_1\Task_1_1.csproj", "{1F80CBED-9FB9-442A-94FE-5269A6EE4CB2}"
EndProject
Project("{FAE04EC0-301F-11D3-BF4B-00C04F79EFBC}") = "Task_2_1", "HomeTask_1\Task_2_1\Task_2_1.csproj", "{3C33707C-FFF9-40F7-99E7-F4D20F8A7383}"
EndProject
Project("{FAE04EC0-301F-11D3-BF4B-00C04F79EFBC}") = "Task_2_4", "HomeTask_1\Task_2_4\Task_2_4.csproj", "{BC81E6F3-B58D-47B7-B7C1-34BBA2518AC3}"
EndProject
Project("{FAE04EC0-301F-11D3-BF4B-00C04F79EFBC}") = "Task_2_8", "HomeTask_1\Task_2_8\Task_2_8.csproj", "{6AC25594-210A-4645-87E4-404AD6796D5C}"
EndProject
Project("{FAE04EC0-301F-11D3-BF4B-00C04F79EFBC}") = "Task_3_3", "HomeTask_1\Task_3_3\Task_3_3.csproj", "{BFEF3E97-AE51-481D-A32E-1B5C7EACE01C}"
EndProject
Project("{FAE04EC0-301F-11D3-BF4B-00C04F79EFBC}") = "Task_2_3", "HomeTask_1\Task_2_3\Task_2_3.csproj", "{2B1A84BA-94F6-45E9-BB8C-C87D88F84013}"
EndProject
Project("{FAE04EC0-301F-11D3-BF4B-00C04F79EFBC}") = "Task_2_7", "HomeTask_1\Task_2_7\Task_2_7.csproj", "{F39F9E6F-AB2C-4BD8-8855-01E5F1EBD908}"
EndProject
Project("{FAE04EC0-301F-11D3-BF4B-00C04F79EFBC}") = "Task_3_2", "HomeTask_1\Task_3_2\Task_3_2.csproj", "{6BFF916B-2A49-424F-8D4D-10D1467EDDBA}"
EndProject
Project("{FAE04EC0-301F-11D3-BF4B-00C04F79EFBC}") = "Task_3_6", "HomeTask_1\Task_3_6\Task_3_6.csproj", "{3EF0FC58-7687-4EE6-BBE0-46FD6F34CC03}"
EndProject
Project("{FAE04EC0-301F-11D3-BF4B-00C04F79EFBC}") = "Task_3_7", "HomeTask_1\Task_3_7\Task_3_7.csproj", "{9803A21F-9E4A-4664-B0C3-8DB1B3189BF6}"
EndProject
Project("{FAE04EC0-301F-11D3-BF4B-00C04F79EFBC}") = "Task_4", "HomeTask_2\Task_4\Task_4.csproj", "{34BEEB7D-8500-40E9-9E14-6C7C2E779061}"
EndProject
Project("{FAE04EC0-301F-11D3-BF4B-00C04F79EFBC}") = "Task_8", "HomeTask_2\Task_8\Task_8.csproj", "{B5758F83-3340-4038-84C0-E1FF5C1D0E62}"
EndProject
Project("{2150E333-8FDC-42A3-9474-1A3956D46DE8}") = "HomeTask_3", "HomeTask_3", "{FC3B0D07-7A3E-401D-BE57-1C61FE5EA59C}"
EndProject
Project("{FAE04EC0-301F-11D3-BF4B-00C04F79EFBC}") = "Task_4", "HomeTask_3\Task_4\Task_4.csproj", "{BEB0BFF4-CCB6-403F-896D-AD19F48CC955}"
EndProject
Project("{FAE04EC0-301F-11D3-BF4B-00C04F79EFBC}") = "Task_6", "HomeTask_2\Task_6\Task_6.csproj", "{80CEC678-6085-4F5E-87B9-869AFF48233B}"
EndProject
Project("{FAE04EC0-301F-11D3-BF4B-00C04F79EFBC}") = "Task_3", "HomeTask_2\Task_3\Task_3.csproj", "{3D11F6C4-0378-4889-8BF5-DC7FFD031119}"
EndProject
Project("{FAE04EC0-301F-11D3-BF4B-00C04F79EFBC}") = "Task_2_2", "HomeTask_1\Task_2_2\Task_2_2.csproj", "{41282F15-C5A3-4971-9501-FA5B4DA39005}"
EndProject
Project("{FAE04EC0-301F-11D3-BF4B-00C04F79EFBC}") = "Task_2_6", "HomeTask_1\Task_2_6\Task_2_6.csproj", "{760886E8-F54D-44FD-AFDF-FA3843179E04}"
EndProject
Project("{FAE04EC0-301F-11D3-BF4B-00C04F79EFBC}") = "Task_3_1", "HomeTask_1\Task_3_1\Task_3_1.csproj", "{333F2FFB-6A2D-46BA-930A-B9A31B884E32}"
EndProject
Project("{FAE04EC0-301F-11D3-BF4B-00C04F79EFBC}") = "Task_3_5", "HomeTask_1\Task_3_5\Task_3_5.csproj", "{8E1B3FBF-B4C2-4AA5-9C43-4C564A0D0124}"
EndProject
Project("{FAE04EC0-301F-11D3-BF4B-00C04F79EFBC}") = "Task_2", "HomeTask_5\Task_2\Task_2.csproj", "{72E00FA3-8771-49F7-B1A5-F8346DA63D7F}"
EndProject
Project("{2150E333-8FDC-42A3-9474-1A3956D46DE8}") = "HomeTask_5", "HomeTask_5", "{C938576A-230A-4DDB-BD75-9F0EE74B3D46}"
EndProject
Project("{FAE04EC0-301F-11D3-BF4B-00C04F79EFBC}") = "Task_1", "HomeTask_3\Task_1\Task_1.csproj", "{4107709C-5B53-46A6-8B3A-4A16583C77CC}"
EndProject
Project("{FAE04EC0-301F-11D3-BF4B-00C04F79EFBC}") = "Task_2", "HomeTask_4\Task_2\Task_2.csproj", "{025955FB-9309-454B-979C-2FBC20C259B4}"
EndProject
Project("{2150E333-8FDC-42A3-9474-1A3956D46DE8}") = "HomeTask_4", "HomeTask_4", "{367B7AEE-4A6A-4EDF-8166-6503009942F6}"
EndProject
Project("{2150E333-8FDC-42A3-9474-1A3956D46DE8}") = "HomeTask_6", "HomeTask_6", "{76EC7847-122F-4E68-9370-592EEF71E724}"
EndProject
Project("{FAE04EC0-301F-11D3-BF4B-00C04F79EFBC}") = "Task_2", "HomeTask_6\Task_2\Task_2.csproj", "{55FD76DE-5C8A-4B7A-9A7A-C94340AE5382}"
EndProject
Project("{FAE04EC0-301F-11D3-BF4B-00C04F79EFBC}") = "Task_6", "HomeTask_6\Task_6\Task_6.csproj", "{8FB5E5F0-A34D-4F04-B870-A281994C47F0}"
EndProject
Project("{FAE04EC0-301F-11D3-BF4B-00C04F79EFBC}") = "Task_1", "HomeTask_4\Task_1\Task_1.csproj", "{EBC98A06-7257-4E4C-8156-61D8A3159580}"
EndProject
Project("{2150E333-8FDC-42A3-9474-1A3956D46DE8}") = "HomeTask_7", "HomeTask_7", "{D3C44CC6-DAFD-4C65-8FEE-BFB62C343B10}"
EndProject
Project("{FAE04EC0-301F-11D3-BF4B-00C04F79EFBC}") = "Task_3", "HomeTask_7\Task_3\Task_3.csproj", "{C90E256F-2D16-43A3-9BB5-C6E8BBDC6F27}"
EndProject
Project("{FAE04EC0-301F-11D3-BF4B-00C04F79EFBC}") = "Task_4", "HomeTask_5\Task_4\Task_4.csproj", "{48F19E9A-609B-4CEA-B2D7-22527E54DCF1}"
EndProject
Project("{FAE04EC0-301F-11D3-BF4B-00C04F79EFBC}") = "Task_1", "HomeTask_6\Task_1\Task_1.csproj", "{BA0BFE7F-F953-4DB3-BC65-50FC7B8667E7}"
EndProject
Project("{FAE04EC0-301F-11D3-BF4B-00C04F79EFBC}") = "Task_1", "HomeTask_8\Task_1\Task_1.csproj", "{A13228D1-8C4C-486D-9407-637901C860F4}"
EndProject
Project("{2150E333-8FDC-42A3-9474-1A3956D46DE8}") = "HomeTask_8", "HomeTask_8", "{F34FF791-6BB5-4CB8-868B-60A9201F7164}"
EndProject
Project("{FAE04EC0-301F-11D3-BF4B-00C04F79EFBC}") = "Task_1", "HomeTask_2\Task_1\Task_1.csproj", "{CF0E66E3-2545-4024-8B4A-5AD96BD0371C}"
EndProject
Project("{FAE04EC0-301F-11D3-BF4B-00C04F79EFBC}") = "Task_5", "HomeTask_8\Task_5\Task_5.csproj", "{63E6B72B-79C5-4B53-85D5-108C14758130}"
EndProject
Project("{FAE04EC0-301F-11D3-BF4B-00C04F79EFBC}") = "Task_5", "HomeTask_2\Task_5\Task_5.csproj", "{BA66D175-5B0E-466E-830D-430494E193CF}"
EndProject
Project("{FAE04EC0-301F-11D3-BF4B-00C04F79EFBC}") = "Task_7", "HomeTask_2\Task_7\Task_7.csproj", "{FC12500E-7462-4EE4-8498-0FD98098F92E}"
EndProject
Project("{FAE04EC0-301F-11D3-BF4B-00C04F79EFBC}") = "Task_2", "HomeTask_3\Task_2\Task_2.csproj", "{FDA6C617-F6DD-492F-976D-7E297A715ADE}"
EndProject
Project("{FAE04EC0-301F-11D3-BF4B-00C04F79EFBC}") = "Task_3", "HomeTask_3\Task_3\Task_3.csproj", "{1C654CA5-21D2-4694-A361-0695D52BC2F8}"
EndProject
Project("{FAE04EC0-301F-11D3-BF4B-00C04F79EFBC}") = "Task_1", "HomeTask_5\Task_1\Task_1.csproj", "{21427BA1-9A79-46E7-8191-E28255618B26}"
EndProject
Project("{FAE04EC0-301F-11D3-BF4B-00C04F79EFBC}") = "Task_3", "Task_3\Task_3.csproj", "{0D668A9F-8745-4394-8E42-F402828964AB}"
EndProject
Project("{FAE04EC0-301F-11D3-BF4B-00C04F79EFBC}") = "Task_4", "HomeTask_6\Task_4\Task_4.csproj", "{781ADF81-453F-4E6B-B696-E278C7D207D5}"
EndProject
Global
	GlobalSection(SolutionConfigurationPlatforms) = preSolution
		Debug|Any CPU = Debug|Any CPU
		Release|Any CPU = Release|Any CPU
	EndGlobalSection
	GlobalSection(ProjectConfigurationPlatforms) = postSolution
		{5E659728-02F3-4EEB-8739-654358202519}.Debug|Any CPU.ActiveCfg = Debug|Any CPU
		{5E659728-02F3-4EEB-8739-654358202519}.Debug|Any CPU.Build.0 = Debug|Any CPU
		{5E659728-02F3-4EEB-8739-654358202519}.Release|Any CPU.ActiveCfg = Release|Any CPU
		{5E659728-02F3-4EEB-8739-654358202519}.Release|Any CPU.Build.0 = Release|Any CPU
		{16E7E4AF-CA3C-41F5-B427-8D3CF4449CB0}.Debug|Any CPU.ActiveCfg = Debug|Any CPU
		{16E7E4AF-CA3C-41F5-B427-8D3CF4449CB0}.Debug|Any CPU.Build.0 = Debug|Any CPU
		{16E7E4AF-CA3C-41F5-B427-8D3CF4449CB0}.Release|Any CPU.ActiveCfg = Release|Any CPU
		{16E7E4AF-CA3C-41F5-B427-8D3CF4449CB0}.Release|Any CPU.Build.0 = Release|Any CPU
		{7534D77F-2CF3-4E53-B9D8-6DE6C37362E5}.Debug|Any CPU.ActiveCfg = Debug|Any CPU
		{7534D77F-2CF3-4E53-B9D8-6DE6C37362E5}.Debug|Any CPU.Build.0 = Debug|Any CPU
		{7534D77F-2CF3-4E53-B9D8-6DE6C37362E5}.Release|Any CPU.ActiveCfg = Release|Any CPU
		{7534D77F-2CF3-4E53-B9D8-6DE6C37362E5}.Release|Any CPU.Build.0 = Release|Any CPU
		{71B2B81A-C047-4AB2-8C87-1291C2187082}.Debug|Any CPU.ActiveCfg = Debug|Any CPU
		{71B2B81A-C047-4AB2-8C87-1291C2187082}.Debug|Any CPU.Build.0 = Debug|Any CPU
		{71B2B81A-C047-4AB2-8C87-1291C2187082}.Release|Any CPU.ActiveCfg = Release|Any CPU
		{71B2B81A-C047-4AB2-8C87-1291C2187082}.Release|Any CPU.Build.0 = Release|Any CPU
		{90A4AE37-63C3-4AEF-B103-04036CE83D81}.Debug|Any CPU.ActiveCfg = Debug|Any CPU
		{90A4AE37-63C3-4AEF-B103-04036CE83D81}.Debug|Any CPU.Build.0 = Debug|Any CPU
		{90A4AE37-63C3-4AEF-B103-04036CE83D81}.Release|Any CPU.ActiveCfg = Release|Any CPU
		{90A4AE37-63C3-4AEF-B103-04036CE83D81}.Release|Any CPU.Build.0 = Release|Any CPU
		{1F80CBED-9FB9-442A-94FE-5269A6EE4CB2}.Debug|Any CPU.ActiveCfg = Debug|Any CPU
		{1F80CBED-9FB9-442A-94FE-5269A6EE4CB2}.Debug|Any CPU.Build.0 = Debug|Any CPU
		{1F80CBED-9FB9-442A-94FE-5269A6EE4CB2}.Release|Any CPU.ActiveCfg = Release|Any CPU
		{1F80CBED-9FB9-442A-94FE-5269A6EE4CB2}.Release|Any CPU.Build.0 = Release|Any CPU
		{3C33707C-FFF9-40F7-99E7-F4D20F8A7383}.Debug|Any CPU.ActiveCfg = Debug|Any CPU
		{3C33707C-FFF9-40F7-99E7-F4D20F8A7383}.Debug|Any CPU.Build.0 = Debug|Any CPU
		{3C33707C-FFF9-40F7-99E7-F4D20F8A7383}.Release|Any CPU.ActiveCfg = Release|Any CPU
		{3C33707C-FFF9-40F7-99E7-F4D20F8A7383}.Release|Any CPU.Build.0 = Release|Any CPU
		{BC81E6F3-B58D-47B7-B7C1-34BBA2518AC3}.Debug|Any CPU.ActiveCfg = Debug|Any CPU
		{BC81E6F3-B58D-47B7-B7C1-34BBA2518AC3}.Debug|Any CPU.Build.0 = Debug|Any CPU
		{BC81E6F3-B58D-47B7-B7C1-34BBA2518AC3}.Release|Any CPU.ActiveCfg = Release|Any CPU
		{BC81E6F3-B58D-47B7-B7C1-34BBA2518AC3}.Release|Any CPU.Build.0 = Release|Any CPU
		{6AC25594-210A-4645-87E4-404AD6796D5C}.Debug|Any CPU.ActiveCfg = Debug|Any CPU
		{6AC25594-210A-4645-87E4-404AD6796D5C}.Debug|Any CPU.Build.0 = Debug|Any CPU
		{6AC25594-210A-4645-87E4-404AD6796D5C}.Release|Any CPU.ActiveCfg = Release|Any CPU
		{6AC25594-210A-4645-87E4-404AD6796D5C}.Release|Any CPU.Build.0 = Release|Any CPU
		{BFEF3E97-AE51-481D-A32E-1B5C7EACE01C}.Debug|Any CPU.ActiveCfg = Debug|Any CPU
		{BFEF3E97-AE51-481D-A32E-1B5C7EACE01C}.Debug|Any CPU.Build.0 = Debug|Any CPU
		{BFEF3E97-AE51-481D-A32E-1B5C7EACE01C}.Release|Any CPU.ActiveCfg = Release|Any CPU
		{BFEF3E97-AE51-481D-A32E-1B5C7EACE01C}.Release|Any CPU.Build.0 = Release|Any CPU
		{2B1A84BA-94F6-45E9-BB8C-C87D88F84013}.Debug|Any CPU.ActiveCfg = Debug|Any CPU
		{2B1A84BA-94F6-45E9-BB8C-C87D88F84013}.Debug|Any CPU.Build.0 = Debug|Any CPU
		{2B1A84BA-94F6-45E9-BB8C-C87D88F84013}.Release|Any CPU.ActiveCfg = Release|Any CPU
		{2B1A84BA-94F6-45E9-BB8C-C87D88F84013}.Release|Any CPU.Build.0 = Release|Any CPU
		{F39F9E6F-AB2C-4BD8-8855-01E5F1EBD908}.Debug|Any CPU.ActiveCfg = Debug|Any CPU
		{F39F9E6F-AB2C-4BD8-8855-01E5F1EBD908}.Debug|Any CPU.Build.0 = Debug|Any CPU
		{F39F9E6F-AB2C-4BD8-8855-01E5F1EBD908}.Release|Any CPU.ActiveCfg = Release|Any CPU
		{F39F9E6F-AB2C-4BD8-8855-01E5F1EBD908}.Release|Any CPU.Build.0 = Release|Any CPU
		{6BFF916B-2A49-424F-8D4D-10D1467EDDBA}.Debug|Any CPU.ActiveCfg = Debug|Any CPU
		{6BFF916B-2A49-424F-8D4D-10D1467EDDBA}.Debug|Any CPU.Build.0 = Debug|Any CPU
		{6BFF916B-2A49-424F-8D4D-10D1467EDDBA}.Release|Any CPU.ActiveCfg = Release|Any CPU
		{6BFF916B-2A49-424F-8D4D-10D1467EDDBA}.Release|Any CPU.Build.0 = Release|Any CPU
		{3EF0FC58-7687-4EE6-BBE0-46FD6F34CC03}.Debug|Any CPU.ActiveCfg = Debug|Any CPU
		{3EF0FC58-7687-4EE6-BBE0-46FD6F34CC03}.Debug|Any CPU.Build.0 = Debug|Any CPU
		{3EF0FC58-7687-4EE6-BBE0-46FD6F34CC03}.Release|Any CPU.ActiveCfg = Release|Any CPU
		{3EF0FC58-7687-4EE6-BBE0-46FD6F34CC03}.Release|Any CPU.Build.0 = Release|Any CPU
		{9803A21F-9E4A-4664-B0C3-8DB1B3189BF6}.Debug|Any CPU.ActiveCfg = Debug|Any CPU
		{9803A21F-9E4A-4664-B0C3-8DB1B3189BF6}.Debug|Any CPU.Build.0 = Debug|Any CPU
		{9803A21F-9E4A-4664-B0C3-8DB1B3189BF6}.Release|Any CPU.ActiveCfg = Release|Any CPU
		{9803A21F-9E4A-4664-B0C3-8DB1B3189BF6}.Release|Any CPU.Build.0 = Release|Any CPU
		{34BEEB7D-8500-40E9-9E14-6C7C2E779061}.Debug|Any CPU.ActiveCfg = Debug|Any CPU
		{34BEEB7D-8500-40E9-9E14-6C7C2E779061}.Debug|Any CPU.Build.0 = Debug|Any CPU
		{34BEEB7D-8500-40E9-9E14-6C7C2E779061}.Release|Any CPU.ActiveCfg = Release|Any CPU
		{34BEEB7D-8500-40E9-9E14-6C7C2E779061}.Release|Any CPU.Build.0 = Release|Any CPU
		{B5758F83-3340-4038-84C0-E1FF5C1D0E62}.Debug|Any CPU.ActiveCfg = Debug|Any CPU
		{B5758F83-3340-4038-84C0-E1FF5C1D0E62}.Debug|Any CPU.Build.0 = Debug|Any CPU
		{B5758F83-3340-4038-84C0-E1FF5C1D0E62}.Release|Any CPU.ActiveCfg = Release|Any CPU
		{B5758F83-3340-4038-84C0-E1FF5C1D0E62}.Release|Any CPU.Build.0 = Release|Any CPU
		{BEB0BFF4-CCB6-403F-896D-AD19F48CC955}.Debug|Any CPU.ActiveCfg = Debug|Any CPU
		{BEB0BFF4-CCB6-403F-896D-AD19F48CC955}.Debug|Any CPU.Build.0 = Debug|Any CPU
		{BEB0BFF4-CCB6-403F-896D-AD19F48CC955}.Release|Any CPU.ActiveCfg = Release|Any CPU
		{BEB0BFF4-CCB6-403F-896D-AD19F48CC955}.Release|Any CPU.Build.0 = Release|Any CPU
		{80CEC678-6085-4F5E-87B9-869AFF48233B}.Debug|Any CPU.ActiveCfg = Debug|Any CPU
		{80CEC678-6085-4F5E-87B9-869AFF48233B}.Debug|Any CPU.Build.0 = Debug|Any CPU
		{80CEC678-6085-4F5E-87B9-869AFF48233B}.Release|Any CPU.ActiveCfg = Release|Any CPU
		{80CEC678-6085-4F5E-87B9-869AFF48233B}.Release|Any CPU.Build.0 = Release|Any CPU
		{3D11F6C4-0378-4889-8BF5-DC7FFD031119}.Debug|Any CPU.ActiveCfg = Debug|Any CPU
		{3D11F6C4-0378-4889-8BF5-DC7FFD031119}.Debug|Any CPU.Build.0 = Debug|Any CPU
		{3D11F6C4-0378-4889-8BF5-DC7FFD031119}.Release|Any CPU.ActiveCfg = Release|Any CPU
		{3D11F6C4-0378-4889-8BF5-DC7FFD031119}.Release|Any CPU.Build.0 = Release|Any CPU
		{41282F15-C5A3-4971-9501-FA5B4DA39005}.Debug|Any CPU.ActiveCfg = Debug|Any CPU
		{41282F15-C5A3-4971-9501-FA5B4DA39005}.Debug|Any CPU.Build.0 = Debug|Any CPU
		{41282F15-C5A3-4971-9501-FA5B4DA39005}.Release|Any CPU.ActiveCfg = Release|Any CPU
		{41282F15-C5A3-4971-9501-FA5B4DA39005}.Release|Any CPU.Build.0 = Release|Any CPU
		{760886E8-F54D-44FD-AFDF-FA3843179E04}.Debug|Any CPU.ActiveCfg = Debug|Any CPU
		{760886E8-F54D-44FD-AFDF-FA3843179E04}.Debug|Any CPU.Build.0 = Debug|Any CPU
		{760886E8-F54D-44FD-AFDF-FA3843179E04}.Release|Any CPU.ActiveCfg = Release|Any CPU
		{760886E8-F54D-44FD-AFDF-FA3843179E04}.Release|Any CPU.Build.0 = Release|Any CPU
		{333F2FFB-6A2D-46BA-930A-B9A31B884E32}.Debug|Any CPU.ActiveCfg = Debug|Any CPU
		{333F2FFB-6A2D-46BA-930A-B9A31B884E32}.Debug|Any CPU.Build.0 = Debug|Any CPU
		{333F2FFB-6A2D-46BA-930A-B9A31B884E32}.Release|Any CPU.ActiveCfg = Release|Any CPU
		{333F2FFB-6A2D-46BA-930A-B9A31B884E32}.Release|Any CPU.Build.0 = Release|Any CPU
		{8E1B3FBF-B4C2-4AA5-9C43-4C564A0D0124}.Debug|Any CPU.ActiveCfg = Debug|Any CPU
		{8E1B3FBF-B4C2-4AA5-9C43-4C564A0D0124}.Debug|Any CPU.Build.0 = Debug|Any CPU
		{8E1B3FBF-B4C2-4AA5-9C43-4C564A0D0124}.Release|Any CPU.ActiveCfg = Release|Any CPU
		{8E1B3FBF-B4C2-4AA5-9C43-4C564A0D0124}.Release|Any CPU.Build.0 = Release|Any CPU
		{72E00FA3-8771-49F7-B1A5-F8346DA63D7F}.Debug|Any CPU.ActiveCfg = Debug|Any CPU
		{72E00FA3-8771-49F7-B1A5-F8346DA63D7F}.Debug|Any CPU.Build.0 = Debug|Any CPU
		{72E00FA3-8771-49F7-B1A5-F8346DA63D7F}.Release|Any CPU.ActiveCfg = Release|Any CPU
		{72E00FA3-8771-49F7-B1A5-F8346DA63D7F}.Release|Any CPU.Build.0 = Release|Any CPU
		{4107709C-5B53-46A6-8B3A-4A16583C77CC}.Debug|Any CPU.ActiveCfg = Debug|Any CPU
		{4107709C-5B53-46A6-8B3A-4A16583C77CC}.Debug|Any CPU.Build.0 = Debug|Any CPU
		{4107709C-5B53-46A6-8B3A-4A16583C77CC}.Release|Any CPU.ActiveCfg = Release|Any CPU
		{4107709C-5B53-46A6-8B3A-4A16583C77CC}.Release|Any CPU.Build.0 = Release|Any CPU
		{025955FB-9309-454B-979C-2FBC20C259B4}.Debug|Any CPU.ActiveCfg = Debug|Any CPU
		{025955FB-9309-454B-979C-2FBC20C259B4}.Debug|Any CPU.Build.0 = Debug|Any CPU
		{025955FB-9309-454B-979C-2FBC20C259B4}.Release|Any CPU.ActiveCfg = Release|Any CPU
		{025955FB-9309-454B-979C-2FBC20C259B4}.Release|Any CPU.Build.0 = Release|Any CPU
		{55FD76DE-5C8A-4B7A-9A7A-C94340AE5382}.Debug|Any CPU.ActiveCfg = Debug|Any CPU
		{55FD76DE-5C8A-4B7A-9A7A-C94340AE5382}.Debug|Any CPU.Build.0 = Debug|Any CPU
		{55FD76DE-5C8A-4B7A-9A7A-C94340AE5382}.Release|Any CPU.ActiveCfg = Release|Any CPU
		{55FD76DE-5C8A-4B7A-9A7A-C94340AE5382}.Release|Any CPU.Build.0 = Release|Any CPU
		{8FB5E5F0-A34D-4F04-B870-A281994C47F0}.Debug|Any CPU.ActiveCfg = Debug|Any CPU
		{8FB5E5F0-A34D-4F04-B870-A281994C47F0}.Debug|Any CPU.Build.0 = Debug|Any CPU
		{8FB5E5F0-A34D-4F04-B870-A281994C47F0}.Release|Any CPU.ActiveCfg = Release|Any CPU
		{8FB5E5F0-A34D-4F04-B870-A281994C47F0}.Release|Any CPU.Build.0 = Release|Any CPU
		{EBC98A06-7257-4E4C-8156-61D8A3159580}.Debug|Any CPU.ActiveCfg = Debug|Any CPU
		{EBC98A06-7257-4E4C-8156-61D8A3159580}.Debug|Any CPU.Build.0 = Debug|Any CPU
		{EBC98A06-7257-4E4C-8156-61D8A3159580}.Release|Any CPU.ActiveCfg = Release|Any CPU
		{EBC98A06-7257-4E4C-8156-61D8A3159580}.Release|Any CPU.Build.0 = Release|Any CPU
		{C90E256F-2D16-43A3-9BB5-C6E8BBDC6F27}.Debug|Any CPU.ActiveCfg = Debug|Any CPU
		{C90E256F-2D16-43A3-9BB5-C6E8BBDC6F27}.Debug|Any CPU.Build.0 = Debug|Any CPU
		{C90E256F-2D16-43A3-9BB5-C6E8BBDC6F27}.Release|Any CPU.ActiveCfg = Release|Any CPU
		{C90E256F-2D16-43A3-9BB5-C6E8BBDC6F27}.Release|Any CPU.Build.0 = Release|Any CPU
		{48F19E9A-609B-4CEA-B2D7-22527E54DCF1}.Debug|Any CPU.ActiveCfg = Debug|Any CPU
		{48F19E9A-609B-4CEA-B2D7-22527E54DCF1}.Debug|Any CPU.Build.0 = Debug|Any CPU
		{48F19E9A-609B-4CEA-B2D7-22527E54DCF1}.Release|Any CPU.ActiveCfg = Release|Any CPU
		{48F19E9A-609B-4CEA-B2D7-22527E54DCF1}.Release|Any CPU.Build.0 = Release|Any CPU
		{BA0BFE7F-F953-4DB3-BC65-50FC7B8667E7}.Debug|Any CPU.ActiveCfg = Debug|Any CPU
		{BA0BFE7F-F953-4DB3-BC65-50FC7B8667E7}.Debug|Any CPU.Build.0 = Debug|Any CPU
		{BA0BFE7F-F953-4DB3-BC65-50FC7B8667E7}.Release|Any CPU.ActiveCfg = Release|Any CPU
		{BA0BFE7F-F953-4DB3-BC65-50FC7B8667E7}.Release|Any CPU.Build.0 = Release|Any CPU
		{A13228D1-8C4C-486D-9407-637901C860F4}.Debug|Any CPU.ActiveCfg = Debug|Any CPU
		{A13228D1-8C4C-486D-9407-637901C860F4}.Debug|Any CPU.Build.0 = Debug|Any CPU
		{A13228D1-8C4C-486D-9407-637901C860F4}.Release|Any CPU.ActiveCfg = Release|Any CPU
		{A13228D1-8C4C-486D-9407-637901C860F4}.Release|Any CPU.Build.0 = Release|Any CPU
		{CF0E66E3-2545-4024-8B4A-5AD96BD0371C}.Debug|Any CPU.ActiveCfg = Debug|Any CPU
		{CF0E66E3-2545-4024-8B4A-5AD96BD0371C}.Debug|Any CPU.Build.0 = Debug|Any CPU
		{CF0E66E3-2545-4024-8B4A-5AD96BD0371C}.Release|Any CPU.ActiveCfg = Release|Any CPU
		{CF0E66E3-2545-4024-8B4A-5AD96BD0371C}.Release|Any CPU.Build.0 = Release|Any CPU
		{63E6B72B-79C5-4B53-85D5-108C14758130}.Debug|Any CPU.ActiveCfg = Debug|Any CPU
		{63E6B72B-79C5-4B53-85D5-108C14758130}.Debug|Any CPU.Build.0 = Debug|Any CPU
		{63E6B72B-79C5-4B53-85D5-108C14758130}.Release|Any CPU.ActiveCfg = Release|Any CPU
		{63E6B72B-79C5-4B53-85D5-108C14758130}.Release|Any CPU.Build.0 = Release|Any CPU
		{BA66D175-5B0E-466E-830D-430494E193CF}.Debug|Any CPU.ActiveCfg = Debug|Any CPU
		{BA66D175-5B0E-466E-830D-430494E193CF}.Debug|Any CPU.Build.0 = Debug|Any CPU
		{BA66D175-5B0E-466E-830D-430494E193CF}.Release|Any CPU.ActiveCfg = Release|Any CPU
		{BA66D175-5B0E-466E-830D-430494E193CF}.Release|Any CPU.Build.0 = Release|Any CPU
		{FC12500E-7462-4EE4-8498-0FD98098F92E}.Debug|Any CPU.ActiveCfg = Debug|Any CPU
		{FC12500E-7462-4EE4-8498-0FD98098F92E}.Debug|Any CPU.Build.0 = Debug|Any CPU
		{FC12500E-7462-4EE4-8498-0FD98098F92E}.Release|Any CPU.ActiveCfg = Release|Any CPU
		{FC12500E-7462-4EE4-8498-0FD98098F92E}.Release|Any CPU.Build.0 = Release|Any CPU
		{FDA6C617-F6DD-492F-976D-7E297A715ADE}.Debug|Any CPU.ActiveCfg = Debug|Any CPU
		{FDA6C617-F6DD-492F-976D-7E297A715ADE}.Debug|Any CPU.Build.0 = Debug|Any CPU
		{FDA6C617-F6DD-492F-976D-7E297A715ADE}.Release|Any CPU.ActiveCfg = Release|Any CPU
		{FDA6C617-F6DD-492F-976D-7E297A715ADE}.Release|Any CPU.Build.0 = Release|Any CPU
		{1C654CA5-21D2-4694-A361-0695D52BC2F8}.Debug|Any CPU.ActiveCfg = Debug|Any CPU
		{1C654CA5-21D2-4694-A361-0695D52BC2F8}.Debug|Any CPU.Build.0 = Debug|Any CPU
		{1C654CA5-21D2-4694-A361-0695D52BC2F8}.Release|Any CPU.ActiveCfg = Release|Any CPU
		{1C654CA5-21D2-4694-A361-0695D52BC2F8}.Release|Any CPU.Build.0 = Release|Any CPU
		{21427BA1-9A79-46E7-8191-E28255618B26}.Debug|Any CPU.ActiveCfg = Debug|Any CPU
		{21427BA1-9A79-46E7-8191-E28255618B26}.Debug|Any CPU.Build.0 = Debug|Any CPU
		{21427BA1-9A79-46E7-8191-E28255618B26}.Release|Any CPU.ActiveCfg = Release|Any CPU
		{21427BA1-9A79-46E7-8191-E28255618B26}.Release|Any CPU.Build.0 = Release|Any CPU
		{0D668A9F-8745-4394-8E42-F402828964AB}.Debug|Any CPU.ActiveCfg = Debug|Any CPU
		{0D668A9F-8745-4394-8E42-F402828964AB}.Debug|Any CPU.Build.0 = Debug|Any CPU
		{0D668A9F-8745-4394-8E42-F402828964AB}.Release|Any CPU.ActiveCfg = Release|Any CPU
		{0D668A9F-8745-4394-8E42-F402828964AB}.Release|Any CPU.Build.0 = Release|Any CPU
		{781ADF81-453F-4E6B-B696-E278C7D207D5}.Debug|Any CPU.ActiveCfg = Debug|Any CPU
		{781ADF81-453F-4E6B-B696-E278C7D207D5}.Debug|Any CPU.Build.0 = Debug|Any CPU
		{781ADF81-453F-4E6B-B696-E278C7D207D5}.Release|Any CPU.ActiveCfg = Release|Any CPU
		{781ADF81-453F-4E6B-B696-E278C7D207D5}.Release|Any CPU.Build.0 = Release|Any CPU
	EndGlobalSection
	GlobalSection(SolutionProperties) = preSolution
		HideSolutionNode = FALSE
	EndGlobalSection
	GlobalSection(NestedProjects) = preSolution
		{5E659728-02F3-4EEB-8739-654358202519} = {3CFACA32-88E8-468F-9977-F0F8A658037B}
		{16E7E4AF-CA3C-41F5-B427-8D3CF4449CB0} = {BF4376CB-B69C-4458-A997-844E7207E99D}
		{7534D77F-2CF3-4E53-B9D8-6DE6C37362E5} = {BF4376CB-B69C-4458-A997-844E7207E99D}
		{71B2B81A-C047-4AB2-8C87-1291C2187082} = {BF4376CB-B69C-4458-A997-844E7207E99D}
		{90A4AE37-63C3-4AEF-B103-04036CE83D81} = {BF4376CB-B69C-4458-A997-844E7207E99D}
		{1F80CBED-9FB9-442A-94FE-5269A6EE4CB2} = {BF4376CB-B69C-4458-A997-844E7207E99D}
		{3C33707C-FFF9-40F7-99E7-F4D20F8A7383} = {BF4376CB-B69C-4458-A997-844E7207E99D}
		{BC81E6F3-B58D-47B7-B7C1-34BBA2518AC3} = {BF4376CB-B69C-4458-A997-844E7207E99D}
		{6AC25594-210A-4645-87E4-404AD6796D5C} = {BF4376CB-B69C-4458-A997-844E7207E99D}
		{BFEF3E97-AE51-481D-A32E-1B5C7EACE01C} = {BF4376CB-B69C-4458-A997-844E7207E99D}
		{2B1A84BA-94F6-45E9-BB8C-C87D88F84013} = {BF4376CB-B69C-4458-A997-844E7207E99D}
		{F39F9E6F-AB2C-4BD8-8855-01E5F1EBD908} = {BF4376CB-B69C-4458-A997-844E7207E99D}
		{6BFF916B-2A49-424F-8D4D-10D1467EDDBA} = {BF4376CB-B69C-4458-A997-844E7207E99D}
		{3EF0FC58-7687-4EE6-BBE0-46FD6F34CC03} = {BF4376CB-B69C-4458-A997-844E7207E99D}
		{9803A21F-9E4A-4664-B0C3-8DB1B3189BF6} = {BF4376CB-B69C-4458-A997-844E7207E99D}
		{34BEEB7D-8500-40E9-9E14-6C7C2E779061} = {3CFACA32-88E8-468F-9977-F0F8A658037B}
		{B5758F83-3340-4038-84C0-E1FF5C1D0E62} = {3CFACA32-88E8-468F-9977-F0F8A658037B}
		{BEB0BFF4-CCB6-403F-896D-AD19F48CC955} = {FC3B0D07-7A3E-401D-BE57-1C61FE5EA59C}
		{80CEC678-6085-4F5E-87B9-869AFF48233B} = {3CFACA32-88E8-468F-9977-F0F8A658037B}
		{3D11F6C4-0378-4889-8BF5-DC7FFD031119} = {3CFACA32-88E8-468F-9977-F0F8A658037B}
		{41282F15-C5A3-4971-9501-FA5B4DA39005} = {BF4376CB-B69C-4458-A997-844E7207E99D}
		{760886E8-F54D-44FD-AFDF-FA3843179E04} = {BF4376CB-B69C-4458-A997-844E7207E99D}
		{333F2FFB-6A2D-46BA-930A-B9A31B884E32} = {BF4376CB-B69C-4458-A997-844E7207E99D}
		{8E1B3FBF-B4C2-4AA5-9C43-4C564A0D0124} = {BF4376CB-B69C-4458-A997-844E7207E99D}
		{72E00FA3-8771-49F7-B1A5-F8346DA63D7F} = {C938576A-230A-4DDB-BD75-9F0EE74B3D46}
		{4107709C-5B53-46A6-8B3A-4A16583C77CC} = {FC3B0D07-7A3E-401D-BE57-1C61FE5EA59C}
		{025955FB-9309-454B-979C-2FBC20C259B4} = {367B7AEE-4A6A-4EDF-8166-6503009942F6}
		{55FD76DE-5C8A-4B7A-9A7A-C94340AE5382} = {76EC7847-122F-4E68-9370-592EEF71E724}
		{8FB5E5F0-A34D-4F04-B870-A281994C47F0} = {76EC7847-122F-4E68-9370-592EEF71E724}
		{EBC98A06-7257-4E4C-8156-61D8A3159580} = {367B7AEE-4A6A-4EDF-8166-6503009942F6}
		{C90E256F-2D16-43A3-9BB5-C6E8BBDC6F27} = {D3C44CC6-DAFD-4C65-8FEE-BFB62C343B10}
		{48F19E9A-609B-4CEA-B2D7-22527E54DCF1} = {C938576A-230A-4DDB-BD75-9F0EE74B3D46}
		{BA0BFE7F-F953-4DB3-BC65-50FC7B8667E7} = {76EC7847-122F-4E68-9370-592EEF71E724}
		{A13228D1-8C4C-486D-9407-637901C860F4} = {F34FF791-6BB5-4CB8-868B-60A9201F7164}
		{CF0E66E3-2545-4024-8B4A-5AD96BD0371C} = {3CFACA32-88E8-468F-9977-F0F8A658037B}
		{63E6B72B-79C5-4B53-85D5-108C14758130} = {F34FF791-6BB5-4CB8-868B-60A9201F7164}
		{BA66D175-5B0E-466E-830D-430494E193CF} = {3CFACA32-88E8-468F-9977-F0F8A658037B}
		{FC12500E-7462-4EE4-8498-0FD98098F92E} = {3CFACA32-88E8-468F-9977-F0F8A658037B}
		{FDA6C617-F6DD-492F-976D-7E297A715ADE} = {FC3B0D07-7A3E-401D-BE57-1C61FE5EA59C}
		{1C654CA5-21D2-4694-A361-0695D52BC2F8} = {FC3B0D07-7A3E-401D-BE57-1C61FE5EA59C}
		{21427BA1-9A79-46E7-8191-E28255618B26} = {C938576A-230A-4DDB-BD75-9F0EE74B3D46}
		{0D668A9F-8745-4394-8E42-F402828964AB} = {76EC7847-122F-4E68-9370-592EEF71E724}
		{781ADF81-453F-4E6B-B696-E278C7D207D5} = {76EC7847-122F-4E68-9370-592EEF71E724}
	EndGlobalSection
	GlobalSection(ExtensibilityGlobals) = postSolution
		SolutionGuid = {51B65EDD-33AB-4438-84BE-A502923E5BF9}
	EndGlobalSection
EndGlobal
